
Microsoft Visual Studio Solution File, Format Version 12.00
# Visual Studio Version 17
VisualStudioVersion = 17.6.33815.320
MinimumVisualStudioVersion = 10.0.40219.1
Project("{FAE04EC0-301F-11D3-BF4B-00C04F79EFBC}") = "Exercise.Android", "Exercise\Exercise.Android\Exercise.Android.csproj", "{2550ED22-E124-42D8-8CB4-FD191183ADC6}"
EndProject
Project("{FAE04EC0-301F-11D3-BF4B-00C04F79EFBC}") = "Exercise.iOS", "Exercise\Exercise.iOS\Exercise.iOS.csproj", "{C5879E81-D387-441B-8C1E-8BF862AEC2F2}"
EndProject
Project("{FAE04EC0-301F-11D3-BF4B-00C04F79EFBC}") = "Exercise", "Exercise\Exercise\Exercise.csproj", "{D646BCDE-9E1D-4EA3-8F8C-264485E8811A}"
EndProject
Global
	GlobalSection(SolutionConfigurationPlatforms) = preSolution
		Debug|Any CPU = Debug|Any CPU
		Debug|iPhone = Debug|iPhone
		Debug|iPhoneSimulator = Debug|iPhoneSimulator
		Release|Any CPU = Release|Any CPU
		Release|iPhone = Release|iPhone
		Release|iPhoneSimulator = Release|iPhoneSimulator
	EndGlobalSection
	GlobalSection(ProjectConfigurationPlatforms) = postSolution
		{2550ED22-E124-42D8-8CB4-FD191183ADC6}.Debug|Any CPU.ActiveCfg = Debug|Any CPU
		{2550ED22-E124-42D8-8CB4-FD191183ADC6}.Debug|Any CPU.Build.0 = Debug|Any CPU
		{2550ED22-E124-42D8-8CB4-FD191183ADC6}.Debug|Any CPU.Deploy.0 = Debug|Any CPU
		{2550ED22-E124-42D8-8CB4-FD191183ADC6}.Debug|iPhone.ActiveCfg = Debug|Any CPU
		{2550ED22-E124-42D8-8CB4-FD191183ADC6}.Debug|iPhone.Build.0 = Debug|Any CPU
		{2550ED22-E124-42D8-8CB4-FD191183ADC6}.Debug|iPhone.Deploy.0 = Debug|Any CPU
		{2550ED22-E124-42D8-8CB4-FD191183ADC6}.Debug|iPhoneSimulator.ActiveCfg = Debug|Any CPU
		{2550ED22-E124-42D8-8CB4-FD191183ADC6}.Debug|iPhoneSimulator.Build.0 = Debug|Any CPU
		{2550ED22-E124-42D8-8CB4-FD191183ADC6}.Debug|iPhoneSimulator.Deploy.0 = Debug|Any CPU
		{2550ED22-E124-42D8-8CB4-FD191183ADC6}.Release|Any CPU.ActiveCfg = Release|Any CPU
		{2550ED22-E124-42D8-8CB4-FD191183ADC6}.Release|Any CPU.Build.0 = Release|Any CPU
		{2550ED22-E124-42D8-8CB4-FD191183ADC6}.Release|Any CPU.Deploy.0 = Release|Any CPU
		{2550ED22-E124-42D8-8CB4-FD191183ADC6}.Release|iPhone.ActiveCfg = Release|Any CPU
		{2550ED22-E124-42D8-8CB4-FD191183ADC6}.Release|iPhone.Build.0 = Release|Any CPU
		{2550ED22-E124-42D8-8CB4-FD191183ADC6}.Release|iPhone.Deploy.0 = Release|Any CPU
		{2550ED22-E124-42D8-8CB4-FD191183ADC6}.Release|iPhoneSimulator.ActiveCfg = Release|Any CPU
		{2550ED22-E124-42D8-8CB4-FD191183ADC6}.Release|iPhoneSimulator.Build.0 = Release|Any CPU
		{2550ED22-E124-42D8-8CB4-FD191183ADC6}.Release|iPhoneSimulator.Deploy.0 = Release|Any CPU
		{C5879E81-D387-441B-8C1E-8BF862AEC2F2}.Debug|Any CPU.ActiveCfg = Debug|iPhone
		{C5879E81-D387-441B-8C1E-8BF862AEC2F2}.Debug|Any CPU.Build.0 = Debug|iPhone
		{C5879E81-D387-441B-8C1E-8BF862AEC2F2}.Debug|Any CPU.Deploy.0 = Debug|iPhone
		{C5879E81-D387-441B-8C1E-8BF862AEC2F2}.Debug|iPhone.ActiveCfg = Debug|iPhone
		{C5879E81-D387-441B-8C1E-8BF862AEC2F2}.Debug|iPhone.Build.0 = Debug|iPhone
		{C5879E81-D387-441B-8C1E-8BF862AEC2F2}.Debug|iPhone.Deploy.0 = Debug|iPhone
		{C5879E81-D387-441B-8C1E-8BF862AEC2F2}.Debug|iPhoneSimulator.ActiveCfg = Debug|iPhoneSimulator
		{C5879E81-D387-441B-8C1E-8BF862AEC2F2}.Debug|iPhoneSimulator.Build.0 = Debug|iPhoneSimulator
		{C5879E81-D387-441B-8C1E-8BF862AEC2F2}.Debug|iPhoneSimulator.Deploy.0 = Debug|iPhoneSimulator
		{C5879E81-D387-441B-8C1E-8BF862AEC2F2}.Release|Any CPU.ActiveCfg = Release|iPhoneSimulator
		{C5879E81-D387-441B-8C1E-8BF862AEC2F2}.Release|Any CPU.Build.0 = Release|iPhoneSimulator
		{C5879E81-D387-441B-8C1E-8BF862AEC2F2}.Release|Any CPU.Deploy.0 = Release|iPhoneSimulator
		{C5879E81-D387-441B-8C1E-8BF862AEC2F2}.Release|iPhone.ActiveCfg = Release|iPhone
		{C5879E81-D387-441B-8C1E-8BF862AEC2F2}.Release|iPhone.Build.0 = Release|iPhone
		{C5879E81-D387-441B-8C1E-8BF862AEC2F2}.Release|iPhone.Deploy.0 = Release|iPhone
		{C5879E81-D387-441B-8C1E-8BF862AEC2F2}.Release|iPhoneSimulator.ActiveCfg = Release|iPhoneSimulator
		{C5879E81-D387-441B-8C1E-8BF862AEC2F2}.Release|iPhoneSimulator.Build.0 = Release|iPhoneSimulator
		{C5879E81-D387-441B-8C1E-8BF862AEC2F2}.Release|iPhoneSimulator.Deploy.0 = Release|iPhoneSimulator
		{D646BCDE-9E1D-4EA3-8F8C-264485E8811A}.Debug|Any CPU.ActiveCfg = Debug|Any CPU
		{D646BCDE-9E1D-4EA3-8F8C-264485E8811A}.Debug|Any CPU.Build.0 = Debug|Any CPU
		{D646BCDE-9E1D-4EA3-8F8C-264485E8811A}.Debug|Any CPU.Deploy.0 = Debug|Any CPU
		{D646BCDE-9E1D-4EA3-8F8C-264485E8811A}.Debug|iPhone.ActiveCfg = Debug|Any CPU
		{D646BCDE-9E1D-4EA3-8F8C-264485E8811A}.Debug|iPhone.Build.0 = Debug|Any CPU
		{D646BCDE-9E1D-4EA3-8F8C-264485E8811A}.Debug|iPhone.Deploy.0 = Debug|Any CPU
		{D646BCDE-9E1D-4EA3-8F8C-264485E8811A}.Debug|iPhoneSimulator.ActiveCfg = Debug|Any CPU
		{D646BCDE-9E1D-4EA3-8F8C-264485E8811A}.Debug|iPhoneSimulator.Build.0 = Debug|Any CPU
		{D646BCDE-9E1D-4EA3-8F8C-264485E8811A}.Debug|iPhoneSimulator.Deploy.0 = Debug|Any CPU
		{D646BCDE-9E1D-4EA3-8F8C-264485E8811A}.Release|Any CPU.ActiveCfg = Release|Any CPU
		{D646BCDE-9E1D-4EA3-8F8C-264485E8811A}.Release|Any CPU.Build.0 = Release|Any CPU
		{D646BCDE-9E1D-4EA3-8F8C-264485E8811A}.Release|Any CPU.Deploy.0 = Release|Any CPU
		{D646BCDE-9E1D-4EA3-8F8C-264485E8811A}.Release|iPhone.ActiveCfg = Release|Any CPU
		{D646BCDE-9E1D-4EA3-8F8C-264485E8811A}.Release|iPhone.Build.0 = Release|Any CPU
		{D646BCDE-9E1D-4EA3-8F8C-264485E8811A}.Release|iPhone.Deploy.0 = Release|Any CPU
		{D646BCDE-9E1D-4EA3-8F8C-264485E8811A}.Release|iPhoneSimulator.ActiveCfg = Release|Any CPU
		{D646BCDE-9E1D-4EA3-8F8C-264485E8811A}.Release|iPhoneSimulator.Build.0 = Release|Any CPU
		{D646BCDE-9E1D-4EA3-8F8C-264485E8811A}.Release|iPhoneSimulator.Deploy.0 = Release|Any CPU
	EndGlobalSection
	GlobalSection(SolutionProperties) = preSolution
		HideSolutionNode = FALSE
	EndGlobalSection
	GlobalSection(ExtensibilityGlobals) = postSolution
		SolutionGuid = {AC15DA71-B5B7-46BA-A851-20B5963A2421}
	EndGlobalSection
EndGlobal
